
Microsoft Visual Studio Solution File, Format Version 12.00
# Visual Studio Version 16
VisualStudioVersion = 16.0.30907.101
MinimumVisualStudioVersion = 10.0.40219.1
Project("{FAE04EC0-301F-11D3-BF4B-00C04F79EFBC}") = "Tetst", "Tetst\Tetst.csproj", "{B5C01BE1-5B7C-4BB4-9E7A-EDE61389F433}"
EndProject
Global
	GlobalSection(SolutionConfigurationPlatforms) = preSolution
		Debug|Any CPU = Debug|Any CPU
		Release|Any CPU = Release|Any CPU
	EndGlobalSection
	GlobalSection(ProjectConfigurationPlatforms) = postSolution
		{B5C01BE1-5B7C-4BB4-9E7A-EDE61389F433}.Debug|Any CPU.ActiveCfg = Debug|Any CPU
		{B5C01BE1-5B7C-4BB4-9E7A-EDE61389F433}.Debug|Any CPU.Build.0 = Debug|Any CPU
		{B5C01BE1-5B7C-4BB4-9E7A-EDE61389F433}.Release|Any CPU.ActiveCfg = Release|Any CPU
		{B5C01BE1-5B7C-4BB4-9E7A-EDE61389F433}.Release|Any CPU.Build.0 = Release|Any CPU
	EndGlobalSection
	GlobalSection(SolutionProperties) = preSolution
		HideSolutionNode = FALSE
	EndGlobalSection
	GlobalSection(ExtensibilityGlobals) = postSolution
		SolutionGuid = {1734B456-0429-433B-A729-CCA1CA17BE67}
	EndGlobalSection
EndGlobal
